{
  "name": "@polyspec/crudui-release-install",
  "version": "0.0.4",
  "lockfileVersion": 3,
  "requires": true,
  "packages": {
    "": {
      "name": "@polyspec/crudui-release-install",
      "version": "0.0.4",
      "dependencies": {
        "@polyspec/crudui-generator-core": "file:polyspec-crudui-generator-core-0.0.4.tgz",
        "@polyspec/crudui-generator-html": "file:polyspec-crudui-generator-html-0.0.4.tgz",
        "@polyspec/crudui-validator": "file:polyspec-crudui-validator-0.0.4.tgz"
      }
    },
    "node_modules/@polyspec/crudui-generator-core": {
      "version": "0.0.4",
      "resolved": "file:polyspec-crudui-generator-core-0.0.4.tgz",
      "license": "MIT",
      "dependencies": {
        "@polyspec/crudui-validator": "0.0.4"
      },
      "engines": {
        "node": ">=16.0.0"
      }
    },
    "node_modules/@polyspec/crudui-generator-html": {
      "version": "0.0.4",
      "resolved": "file:polyspec-crudui-generator-html-0.0.4.tgz",
      "license": "MIT",
      "dependencies": {
        "@polyspec/crudui-generator-core": "0.0.4"
      },
      "engines": {
        "node": ">=16.0.0"
      }
    },
    "node_modules/@polyspec/crudui-validator": {
      "version": "0.0.4",
      "resolved": "file:polyspec-crudui-validator-0.0.4.tgz",
      "license": "MIT",
      "engines": {
        "node": ">=16.0.0"
      }
    }
  }
}
