{
  "name": "@polyspec/crudui-form-comparison",
  "version": "0.0.1",
  "lockfileVersion": 3,
  "requires": true,
  "packages": {
    "": {
      "name": "@polyspec/crudui-form-comparison",
      "version": "0.0.1",
      "dependencies": {
        "ordered-json": "https://codeload.github.com/polyspec/ordered-json/tar.gz/main"
      }
    },
    "node_modules/ordered-json": {
      "version": "0.1.0",
      "resolved": "https://codeload.github.com/polyspec/ordered-json/tar.gz/main",
      "integrity": "sha512-BlXqsAywmZeEphoOtMwFKCHlYbL5ROYN2hTZlI100b+xfidOSdw2HSigKQwz+Z0Zj6I2sJBMErjjYkPdoQmcYw==",
      "engines": {
        "node": ">=20"
      }
    }
  }
}
